
Microsoft Visual Studio Solution File, Format Version 12.00
# Visual Studio Version 17
VisualStudioVersion = 17.10.35004.147
MinimumVisualStudioVersion = 10.0.40219.1
Project("{FAE04EC0-301F-11D3-BF4B-00C04F79EFBC}") = "Demo", "Demo\Demo.csproj", "{FA863029-5DC7-48CC-B01E-F695A30E953B}"
EndProject
Global
	GlobalSection(SolutionConfigurationPlatforms) = preSolution
		Debug|Any CPU = Debug|Any CPU
		Release|Any CPU = Release|Any CPU
	EndGlobalSection
	GlobalSection(ProjectConfigurationPlatforms) = postSolution
		{FA863029-5DC7-48CC-B01E-F695A30E953B}.Debug|Any CPU.ActiveCfg = Debug|Any CPU
		{FA863029-5DC7-48CC-B01E-F695A30E953B}.Debug|Any CPU.Build.0 = Debug|Any CPU
		{FA863029-5DC7-48CC-B01E-F695A30E953B}.Release|Any CPU.ActiveCfg = Release|Any CPU
		{FA863029-5DC7-48CC-B01E-F695A30E953B}.Release|Any CPU.Build.0 = Release|Any CPU
	EndGlobalSection
	GlobalSection(SolutionProperties) = preSolution
		HideSolutionNode = FALSE
	EndGlobalSection
	GlobalSection(ExtensibilityGlobals) = postSolution
		SolutionGuid = {BFD55EAB-1779-42B4-B7C8-AFAE9F2569C7}
	EndGlobalSection
EndGlobal
